{
    __meta__ = {
        version = "1.0"
    },
    ["windows|x64"] = {
        ["cmake#31fecfc4"] = {
            repo = {
                branch = "master",
                commit = "d690827620fac7d455dac05ed2e60e576f5cdcf8",
                url = "https://github.com/xmake-io/xmake-repo.git"
            },
            version = "3.31.6"
        },
        ["directxmath#31fecfc4"] = {
            repo = {
                branch = "master",
                commit = "f6251c012faabeb21d64f50a41e892e56993e77e",
                url = "https://github.com/xmake-io/xmake-repo.git"
            },
            version = "2024.02"
        },
        ["directxtk#31fecfc4"] = {
            repo = {
                branch = "master",
                commit = "f6251c012faabeb21d64f50a41e892e56993e77e",
                url = "https://github.com/xmake-io/xmake-repo.git"
            },
            version = "24.2.0"
        },
        ["rapidcsv#31fecfc4"] = {
            repo = {
                branch = "master",
                commit = "d690827620fac7d455dac05ed2e60e576f5cdcf8",
                url = "https://github.com/xmake-io/xmake-repo.git"
            },
            version = "v8.84"
        },
        ["spdlog#9c36f0a9"] = {
            repo = {
                branch = "master",
                commit = "d690827620fac7d455dac05ed2e60e576f5cdcf8",
                url = "https://github.com/xmake-io/xmake-repo.git"
            },
            version = "v1.15.1"
        }
    }
}